
Microsoft Visual Studio Solution File, Format Version 12.00
# Visual Studio Version 17
VisualStudioVersion = 17.3.32811.315
MinimumVisualStudioVersion = 10.0.40219.1
Project("{9A19103F-16F7-4668-BE54-9A1E7A4F7556}") = "Api-login", "Api-login.csproj", "{A73EABDF-2A12-48ED-BDD7-005BC477A3A2}"
EndProject
Project("{FAE04EC0-301F-11D3-BF4B-00C04F79EFBC}") = "DB", "..\DB\DB.csproj", "{39E83CE1-62C0-4225-8F36-F55FDAAD6507}"
EndProject
Global
	GlobalSection(SolutionConfigurationPlatforms) = preSolution
		Debug|Any CPU = Debug|Any CPU
		Release|Any CPU = Release|Any CPU
	EndGlobalSection
	GlobalSection(ProjectConfigurationPlatforms) = postSolution
		{A73EABDF-2A12-48ED-BDD7-005BC477A3A2}.Debug|Any CPU.ActiveCfg = Debug|Any CPU
		{A73EABDF-2A12-48ED-BDD7-005BC477A3A2}.Debug|Any CPU.Build.0 = Debug|Any CPU
		{A73EABDF-2A12-48ED-BDD7-005BC477A3A2}.Release|Any CPU.ActiveCfg = Release|Any CPU
		{A73EABDF-2A12-48ED-BDD7-005BC477A3A2}.Release|Any CPU.Build.0 = Release|Any CPU
		{39E83CE1-62C0-4225-8F36-F55FDAAD6507}.Debug|Any CPU.ActiveCfg = Debug|Any CPU
		{39E83CE1-62C0-4225-8F36-F55FDAAD6507}.Debug|Any CPU.Build.0 = Debug|Any CPU
		{39E83CE1-62C0-4225-8F36-F55FDAAD6507}.Release|Any CPU.ActiveCfg = Release|Any CPU
		{39E83CE1-62C0-4225-8F36-F55FDAAD6507}.Release|Any CPU.Build.0 = Release|Any CPU
	EndGlobalSection
	GlobalSection(SolutionProperties) = preSolution
		HideSolutionNode = FALSE
	EndGlobalSection
	GlobalSection(ExtensibilityGlobals) = postSolution
		SolutionGuid = {3BD578DD-7E09-4880-B73C-8EFF2137F3E4}
	EndGlobalSection
EndGlobal
